
Microsoft Visual Studio Solution File, Format Version 12.00
# Visual Studio Version 16
VisualStudioVersion = 16.0.809.0
MinimumVisualStudioVersion = 10.0.40219.1
Project("{FAE04EC0-301F-11D3-BF4B-00C04F79EFBC}") = "SharpDbSchema.MySql", "SharpDbSchema.MySql\SharpDbSchema.MySql.csproj", "{04118332-07C7-4692-A85E-71F504168620}"
EndProject
Project("{FAE04EC0-301F-11D3-BF4B-00C04F79EFBC}") = "SharpDbSchema.Core", "SharpDbSchema.Core\SharpDbSchema.Core.csproj", "{79AC8F01-661B-45D6-BBAD-FD87A2978469}"
EndProject
Project("{FAE04EC0-301F-11D3-BF4B-00C04F79EFBC}") = "SharpDbSchema.SqlServer", "SharpDbSchema.SqlServer\SharpDbSchema.SqlServer.csproj", "{BDE85CC1-34DA-4C25-B4E8-C3804EACAD51}"
EndProject
Global
	GlobalSection(SolutionConfigurationPlatforms) = preSolution
		Debug|Any CPU = Debug|Any CPU
		Release|Any CPU = Release|Any CPU
	EndGlobalSection
	GlobalSection(ProjectConfigurationPlatforms) = postSolution
		{04118332-07C7-4692-A85E-71F504168620}.Debug|Any CPU.ActiveCfg = Debug|Any CPU
		{04118332-07C7-4692-A85E-71F504168620}.Debug|Any CPU.Build.0 = Debug|Any CPU
		{04118332-07C7-4692-A85E-71F504168620}.Release|Any CPU.ActiveCfg = Release|Any CPU
		{04118332-07C7-4692-A85E-71F504168620}.Release|Any CPU.Build.0 = Release|Any CPU
		{79AC8F01-661B-45D6-BBAD-FD87A2978469}.Debug|Any CPU.ActiveCfg = Debug|Any CPU
		{79AC8F01-661B-45D6-BBAD-FD87A2978469}.Debug|Any CPU.Build.0 = Debug|Any CPU
		{79AC8F01-661B-45D6-BBAD-FD87A2978469}.Release|Any CPU.ActiveCfg = Release|Any CPU
		{79AC8F01-661B-45D6-BBAD-FD87A2978469}.Release|Any CPU.Build.0 = Release|Any CPU
		{BDE85CC1-34DA-4C25-B4E8-C3804EACAD51}.Debug|Any CPU.ActiveCfg = Debug|Any CPU
		{BDE85CC1-34DA-4C25-B4E8-C3804EACAD51}.Debug|Any CPU.Build.0 = Debug|Any CPU
		{BDE85CC1-34DA-4C25-B4E8-C3804EACAD51}.Release|Any CPU.ActiveCfg = Release|Any CPU
		{BDE85CC1-34DA-4C25-B4E8-C3804EACAD51}.Release|Any CPU.Build.0 = Release|Any CPU
	EndGlobalSection
	GlobalSection(SolutionProperties) = preSolution
		HideSolutionNode = FALSE
	EndGlobalSection
	GlobalSection(ExtensibilityGlobals) = postSolution
		SolutionGuid = {2AE9BD6C-8B73-4A94-A0BB-730167BB9C0A}
	EndGlobalSection
EndGlobal
